
Microsoft Visual Studio Solution File, Format Version 12.00
# Visual Studio Version 17
VisualStudioVersion = 17.13.35825.156 d17.13
MinimumVisualStudioVersion = 10.0.40219.1
Project("{FAE04EC0-301F-11D3-BF4B-00C04F79EFBC}") = "07_Tarea", "07_Tarea.csproj", "{93F00307-EE8C-4768-A5CD-EB5788D249A4}"
EndProject
Global
	GlobalSection(SolutionConfigurationPlatforms) = preSolution
		Debug|Any CPU = Debug|Any CPU
		Release|Any CPU = Release|Any CPU
	EndGlobalSection
	GlobalSection(ProjectConfigurationPlatforms) = postSolution
		{93F00307-EE8C-4768-A5CD-EB5788D249A4}.Debug|Any CPU.ActiveCfg = Debug|Any CPU
		{93F00307-EE8C-4768-A5CD-EB5788D249A4}.Debug|Any CPU.Build.0 = Debug|Any CPU
		{93F00307-EE8C-4768-A5CD-EB5788D249A4}.Release|Any CPU.ActiveCfg = Release|Any CPU
		{93F00307-EE8C-4768-A5CD-EB5788D249A4}.Release|Any CPU.Build.0 = Release|Any CPU
	EndGlobalSection
	GlobalSection(SolutionProperties) = preSolution
		HideSolutionNode = FALSE
	EndGlobalSection
	GlobalSection(ExtensibilityGlobals) = postSolution
		SolutionGuid = {40C3681C-8EFF-428C-A49D-F6059D4B10E7}
	EndGlobalSection
EndGlobal
